
Microsoft Visual Studio Solution File, Format Version 12.00
# Visual Studio Version 17
VisualStudioVersion = 17.7.34009.444
MinimumVisualStudioVersion = 10.0.40219.1
Project("{FAE04EC0-301F-11D3-BF4B-00C04F79EFBC}") = "Coffee_adoption_application", "Coffee_adoption_application.csproj", "{3E3B85BA-3D3B-4A40-8791-15BD3451715B}"
EndProject
Global
	GlobalSection(SolutionConfigurationPlatforms) = preSolution
		Debug|Any CPU = Debug|Any CPU
		Release|Any CPU = Release|Any CPU
	EndGlobalSection
	GlobalSection(ProjectConfigurationPlatforms) = postSolution
		{3E3B85BA-3D3B-4A40-8791-15BD3451715B}.Debug|Any CPU.ActiveCfg = Debug|Any CPU
		{3E3B85BA-3D3B-4A40-8791-15BD3451715B}.Debug|Any CPU.Build.0 = Debug|Any CPU
		{3E3B85BA-3D3B-4A40-8791-15BD3451715B}.Release|Any CPU.ActiveCfg = Release|Any CPU
		{3E3B85BA-3D3B-4A40-8791-15BD3451715B}.Release|Any CPU.Build.0 = Release|Any CPU
	EndGlobalSection
	GlobalSection(SolutionProperties) = preSolution
		HideSolutionNode = FALSE
	EndGlobalSection
	GlobalSection(ExtensibilityGlobals) = postSolution
		SolutionGuid = {2ECBC434-74ED-45E8-8EA4-7F7A2C02AF9D}
	EndGlobalSection
EndGlobal
